
Microsoft Visual Studio Solution File, Format Version 12.00
# Visual Studio Version 17
VisualStudioVersion = 17.4.33205.214
MinimumVisualStudioVersion = 10.0.40219.1
Project("{FAE04EC0-301F-11D3-BF4B-00C04F79EFBC}") = "MSAL_Authentication", "MSAL_Authentication\MSAL_Authentication.csproj", "{F77CF56F-5701-42D0-8AF2-DD62FA26AB7A}"
EndProject
Global
	GlobalSection(SolutionConfigurationPlatforms) = preSolution
		Debug|Any CPU = Debug|Any CPU
		Release|Any CPU = Release|Any CPU
	EndGlobalSection
	GlobalSection(ProjectConfigurationPlatforms) = postSolution
		{F77CF56F-5701-42D0-8AF2-DD62FA26AB7A}.Debug|Any CPU.ActiveCfg = Debug|Any CPU
		{F77CF56F-5701-42D0-8AF2-DD62FA26AB7A}.Debug|Any CPU.Build.0 = Debug|Any CPU
		{F77CF56F-5701-42D0-8AF2-DD62FA26AB7A}.Release|Any CPU.ActiveCfg = Release|Any CPU
		{F77CF56F-5701-42D0-8AF2-DD62FA26AB7A}.Release|Any CPU.Build.0 = Release|Any CPU
	EndGlobalSection
	GlobalSection(SolutionProperties) = preSolution
		HideSolutionNode = FALSE
	EndGlobalSection
	GlobalSection(ExtensibilityGlobals) = postSolution
		SolutionGuid = {7EBB91A9-6917-42FD-B0DB-72E1E967AA0C}
	EndGlobalSection
EndGlobal
