
Microsoft Visual Studio Solution File, Format Version 12.00
# Visual Studio Version 17
VisualStudioVersion = 17.4.33205.214
MinimumVisualStudioVersion = 10.0.40219.1
Project("{FAE04EC0-301F-11D3-BF4B-00C04F79EFBC}") = "Flight_Movies", "Flight_Movies\Flight_Movies.csproj", "{BD1EEE9E-CD83-4DEA-A085-728042D2F196}"
EndProject
Global
	GlobalSection(SolutionConfigurationPlatforms) = preSolution
		Debug|Any CPU = Debug|Any CPU
		Release|Any CPU = Release|Any CPU
	EndGlobalSection
	GlobalSection(ProjectConfigurationPlatforms) = postSolution
		{BD1EEE9E-CD83-4DEA-A085-728042D2F196}.Debug|Any CPU.ActiveCfg = Debug|Any CPU
		{BD1EEE9E-CD83-4DEA-A085-728042D2F196}.Debug|Any CPU.Build.0 = Debug|Any CPU
		{BD1EEE9E-CD83-4DEA-A085-728042D2F196}.Release|Any CPU.ActiveCfg = Release|Any CPU
		{BD1EEE9E-CD83-4DEA-A085-728042D2F196}.Release|Any CPU.Build.0 = Release|Any CPU
	EndGlobalSection
	GlobalSection(SolutionProperties) = preSolution
		HideSolutionNode = FALSE
	EndGlobalSection
	GlobalSection(ExtensibilityGlobals) = postSolution
		SolutionGuid = {531B4DE4-36C4-4435-80A5-9C37A78ADE6D}
	EndGlobalSection
EndGlobal
