
Microsoft Visual Studio Solution File, Format Version 12.00
# Visual Studio Version 17
VisualStudioVersion = 17.4.33205.214
MinimumVisualStudioVersion = 10.0.40219.1
Project("{FAE04EC0-301F-11D3-BF4B-00C04F79EFBC}") = "Many_To_Many_Three_Tier", "Many_To_Many_Three_Tier\Many_To_Many_Three_Tier.csproj", "{58850955-3FBC-475A-9B53-56256EA4F10B}"
EndProject
Project("{FAE04EC0-301F-11D3-BF4B-00C04F79EFBC}") = "DAL", "DAL\DAL.csproj", "{F5FF9C8B-49D4-4AF2-9E8F-0D475A06A533}"
EndProject
Project("{FAE04EC0-301F-11D3-BF4B-00C04F79EFBC}") = "BLL", "BLL\BLL.csproj", "{982F9F2C-9656-490D-BCA0-F80DB9C105DB}"
EndProject
Global
	GlobalSection(SolutionConfigurationPlatforms) = preSolution
		Debug|Any CPU = Debug|Any CPU
		Release|Any CPU = Release|Any CPU
	EndGlobalSection
	GlobalSection(ProjectConfigurationPlatforms) = postSolution
		{58850955-3FBC-475A-9B53-56256EA4F10B}.Debug|Any CPU.ActiveCfg = Debug|Any CPU
		{58850955-3FBC-475A-9B53-56256EA4F10B}.Debug|Any CPU.Build.0 = Debug|Any CPU
		{58850955-3FBC-475A-9B53-56256EA4F10B}.Release|Any CPU.ActiveCfg = Release|Any CPU
		{58850955-3FBC-475A-9B53-56256EA4F10B}.Release|Any CPU.Build.0 = Release|Any CPU
		{F5FF9C8B-49D4-4AF2-9E8F-0D475A06A533}.Debug|Any CPU.ActiveCfg = Debug|Any CPU
		{F5FF9C8B-49D4-4AF2-9E8F-0D475A06A533}.Debug|Any CPU.Build.0 = Debug|Any CPU
		{F5FF9C8B-49D4-4AF2-9E8F-0D475A06A533}.Release|Any CPU.ActiveCfg = Release|Any CPU
		{F5FF9C8B-49D4-4AF2-9E8F-0D475A06A533}.Release|Any CPU.Build.0 = Release|Any CPU
		{982F9F2C-9656-490D-BCA0-F80DB9C105DB}.Debug|Any CPU.ActiveCfg = Debug|Any CPU
		{982F9F2C-9656-490D-BCA0-F80DB9C105DB}.Debug|Any CPU.Build.0 = Debug|Any CPU
		{982F9F2C-9656-490D-BCA0-F80DB9C105DB}.Release|Any CPU.ActiveCfg = Release|Any CPU
		{982F9F2C-9656-490D-BCA0-F80DB9C105DB}.Release|Any CPU.Build.0 = Release|Any CPU
	EndGlobalSection
	GlobalSection(SolutionProperties) = preSolution
		HideSolutionNode = FALSE
	EndGlobalSection
	GlobalSection(ExtensibilityGlobals) = postSolution
		SolutionGuid = {61117745-E13A-47B0-BD36-2B5E29552835}
	EndGlobalSection
EndGlobal
