
Microsoft Visual Studio Solution File, Format Version 12.00
# Visual Studio Version 17
VisualStudioVersion = 17.4.33205.214
MinimumVisualStudioVersion = 10.0.40219.1
Project("{FAE04EC0-301F-11D3-BF4B-00C04F79EFBC}") = "ThreeTier_With_JWT_Authentication", "ThreeTier_With_JWT_Authentication\ThreeTier_With_JWT_Authentication.csproj", "{B1EED0D5-AA97-4040-9022-640C18D1A907}"
EndProject
Project("{FAE04EC0-301F-11D3-BF4B-00C04F79EFBC}") = "DataAccessLayer", "DataAccessLayer\DataAccessLayer.csproj", "{CF5B509A-9588-402A-984E-66CC7C173009}"
EndProject
Project("{FAE04EC0-301F-11D3-BF4B-00C04F79EFBC}") = "BusinessLogicLayer", "BusinessLogicLayer\BusinessLogicLayer.csproj", "{17DDD0FA-3CB1-43DA-A39C-9A0BF0934509}"
EndProject
Global
	GlobalSection(SolutionConfigurationPlatforms) = preSolution
		Debug|Any CPU = Debug|Any CPU
		Release|Any CPU = Release|Any CPU
	EndGlobalSection
	GlobalSection(ProjectConfigurationPlatforms) = postSolution
		{B1EED0D5-AA97-4040-9022-640C18D1A907}.Debug|Any CPU.ActiveCfg = Debug|Any CPU
		{B1EED0D5-AA97-4040-9022-640C18D1A907}.Debug|Any CPU.Build.0 = Debug|Any CPU
		{B1EED0D5-AA97-4040-9022-640C18D1A907}.Release|Any CPU.ActiveCfg = Release|Any CPU
		{B1EED0D5-AA97-4040-9022-640C18D1A907}.Release|Any CPU.Build.0 = Release|Any CPU
		{CF5B509A-9588-402A-984E-66CC7C173009}.Debug|Any CPU.ActiveCfg = Debug|Any CPU
		{CF5B509A-9588-402A-984E-66CC7C173009}.Debug|Any CPU.Build.0 = Debug|Any CPU
		{CF5B509A-9588-402A-984E-66CC7C173009}.Release|Any CPU.ActiveCfg = Release|Any CPU
		{CF5B509A-9588-402A-984E-66CC7C173009}.Release|Any CPU.Build.0 = Release|Any CPU
		{17DDD0FA-3CB1-43DA-A39C-9A0BF0934509}.Debug|Any CPU.ActiveCfg = Debug|Any CPU
		{17DDD0FA-3CB1-43DA-A39C-9A0BF0934509}.Debug|Any CPU.Build.0 = Debug|Any CPU
		{17DDD0FA-3CB1-43DA-A39C-9A0BF0934509}.Release|Any CPU.ActiveCfg = Release|Any CPU
		{17DDD0FA-3CB1-43DA-A39C-9A0BF0934509}.Release|Any CPU.Build.0 = Release|Any CPU
	EndGlobalSection
	GlobalSection(SolutionProperties) = preSolution
		HideSolutionNode = FALSE
	EndGlobalSection
	GlobalSection(ExtensibilityGlobals) = postSolution
		SolutionGuid = {E060A33E-0ADC-4C68-8345-E1BA57938C23}
	EndGlobalSection
EndGlobal
