
Microsoft Visual Studio Solution File, Format Version 12.00
# Visual Studio Version 17
VisualStudioVersion = 17.4.33205.214
MinimumVisualStudioVersion = 10.0.40219.1
Project("{FAE04EC0-301F-11D3-BF4B-00C04F79EFBC}") = "Flight", "Flight\Flight.csproj", "{DC352038-FD35-4D89-B1BC-A7027679E8AE}"
EndProject
Global
	GlobalSection(SolutionConfigurationPlatforms) = preSolution
		Debug|Any CPU = Debug|Any CPU
		Release|Any CPU = Release|Any CPU
	EndGlobalSection
	GlobalSection(ProjectConfigurationPlatforms) = postSolution
		{DC352038-FD35-4D89-B1BC-A7027679E8AE}.Debug|Any CPU.ActiveCfg = Debug|Any CPU
		{DC352038-FD35-4D89-B1BC-A7027679E8AE}.Debug|Any CPU.Build.0 = Debug|Any CPU
		{DC352038-FD35-4D89-B1BC-A7027679E8AE}.Release|Any CPU.ActiveCfg = Release|Any CPU
		{DC352038-FD35-4D89-B1BC-A7027679E8AE}.Release|Any CPU.Build.0 = Release|Any CPU
	EndGlobalSection
	GlobalSection(SolutionProperties) = preSolution
		HideSolutionNode = FALSE
	EndGlobalSection
	GlobalSection(ExtensibilityGlobals) = postSolution
		SolutionGuid = {9C0808D9-2D37-4374-8076-F7739BAF3FBA}
	EndGlobalSection
EndGlobal
