
Microsoft Visual Studio Solution File, Format Version 12.00
# Visual Studio Version 17
VisualStudioVersion = 17.4.33205.214
MinimumVisualStudioVersion = 10.0.40219.1
Project("{FAE04EC0-301F-11D3-BF4B-00C04F79EFBC}") = "Liskov_Substitution_Principle_", "Liskov_Substitution_Principle_\Liskov_Substitution_Principle_.csproj", "{39C2BA4E-E55A-44D3-A416-489E89430F70}"
EndProject
Global
	GlobalSection(SolutionConfigurationPlatforms) = preSolution
		Debug|Any CPU = Debug|Any CPU
		Release|Any CPU = Release|Any CPU
	EndGlobalSection
	GlobalSection(ProjectConfigurationPlatforms) = postSolution
		{39C2BA4E-E55A-44D3-A416-489E89430F70}.Debug|Any CPU.ActiveCfg = Debug|Any CPU
		{39C2BA4E-E55A-44D3-A416-489E89430F70}.Debug|Any CPU.Build.0 = Debug|Any CPU
		{39C2BA4E-E55A-44D3-A416-489E89430F70}.Release|Any CPU.ActiveCfg = Release|Any CPU
		{39C2BA4E-E55A-44D3-A416-489E89430F70}.Release|Any CPU.Build.0 = Release|Any CPU
	EndGlobalSection
	GlobalSection(SolutionProperties) = preSolution
		HideSolutionNode = FALSE
	EndGlobalSection
	GlobalSection(ExtensibilityGlobals) = postSolution
		SolutionGuid = {60E3151B-E60D-422A-A007-93CDAA1DF95A}
	EndGlobalSection
EndGlobal
